// !$*UTF8*$!
{
	archiveVersion = 1;
	classes = {
	};
	objectVersion = 77;
	objects = {

/* Begin PBXBuildFile section */
		F64A37E02E13DC7D006CED86 /* AlwaysOnTopModifier.swift in Sources */ = {isa = PBXBuildFile; fileRef = F64A37DF2E13DC7D006CED86 /* AlwaysOnTopModifier.swift */; };
		F68BC17E2E0D4B9A008D0D8C /* NotificationMethod.swift in Sources */ = {isa = PBXBuildFile; fileRef = F68BC17D2E0D4B9A008D0D8C /* NotificationMethod.swift */; };
		F68BC1802E0D56F9008D0D8C /* Dialog.swift in Sources */ = {isa = PBXBuildFile; fileRef = F68BC17F2E0D56F5008D0D8C /* Dialog.swift */; };
		F68BC1842E0D598B008D0D8C /* DialogView.swift in Sources */ = {isa = PBXBuildFile; fileRef = F68BC1832E0D598B008D0D8C /* DialogView.swift */; };
		F68BC1862E0D5C98008D0D8C /* PersistentWindow.swift in Sources */ = {isa = PBXBuildFile; fileRef = F68BC1852E0D5C98008D0D8C /* PersistentWindow.swift */; };
		F68BC1882E0D5CF7008D0D8C /* PersistentFrame.swift in Sources */ = {isa = PBXBuildFile; fileRef = F68BC1872E0D5CF7008D0D8C /* PersistentFrame.swift */; };
		F68BC1992E0D76FF008D0D8C /* NotificationAudioSettingsView.swift in Sources */ = {isa = PBXBuildFile; fileRef = F68BC1982E0D76FF008D0D8C /* NotificationAudioSettingsView.swift */; };
		F68BC19D2E0D7BEA008D0D8C /* NotificationSettingsView.swift in Sources */ = {isa = PBXBuildFile; fileRef = F68BC19C2E0D7BEA008D0D8C /* NotificationSettingsView.swift */; };
		F68BC1A12E0D8ADB008D0D8C /* ServerSettingsView.swift in Sources */ = {isa = PBXBuildFile; fileRef = F68BC1A02E0D8ADB008D0D8C /* ServerSettingsView.swift */; };
		F68BC1A52E0D8F07008D0D8C /* ListSettingsView.swift in Sources */ = {isa = PBXBuildFile; fileRef = F68BC1A42E0D8F07008D0D8C /* ListSettingsView.swift */; };
		F68BC1A92E0DC6BF008D0D8C /* SettingsView.swift in Sources */ = {isa = PBXBuildFile; fileRef = F68BC1A82E0DC6BF008D0D8C /* SettingsView.swift */; };
		F68BC1AD2E0DD4A8008D0D8C /* DataMigrator.swift in Sources */ = {isa = PBXBuildFile; fileRef = F68BC1AC2E0DD4A8008D0D8C /* DataMigrator.swift */; };
		F68BC1B12E0DDA3D008D0D8C /* ContentViewModel.swift in Sources */ = {isa = PBXBuildFile; fileRef = F68BC1B02E0DDA3D008D0D8C /* ContentViewModel.swift */; };
		F68BC4052E0F0CBD008D0D8C /* ChartingSettingsView.swift in Sources */ = {isa = PBXBuildFile; fileRef = F68BC4042E0F0CBD008D0D8C /* ChartingSettingsView.swift */; };
		F68BC40B2E0F4E81008D0D8C /* ToastView.swift in Sources */ = {isa = PBXBuildFile; fileRef = F68BC40A2E0F4E81008D0D8C /* ToastView.swift */; };
		F68BC40D2E0FB64E008D0D8C /* ToastPresenter.swift in Sources */ = {isa = PBXBuildFile; fileRef = F68BC40C2E0FB64E008D0D8C /* ToastPresenter.swift */; };
		F698C2EA2E0700F6000CA939 /* Swifter in Frameworks */ = {isa = PBXBuildFile; productRef = F698C2E92E0700F6000CA939 /* Swifter */; };
		F6B5080A2E175396005953F2 /* NSImage+Extensions.swift in Sources */ = {isa = PBXBuildFile; fileRef = F6B508092E175396005953F2 /* NSImage+Extensions.swift */; };
		F6B508912E180A3C005953F2 /* NSSavePanel+Extension.swift in Sources */ = {isa = PBXBuildFile; fileRef = F6B508902E180A3C005953F2 /* NSSavePanel+Extension.swift */; };
		F6B508952E180E70005953F2 /* MultiClickButton.swift in Sources */ = {isa = PBXBuildFile; fileRef = F6B508942E180E70005953F2 /* MultiClickButton.swift */; };
		F6B508972E180EB3005953F2 /* StatusButton.swift in Sources */ = {isa = PBXBuildFile; fileRef = F6B508962E180EB3005953F2 /* StatusButton.swift */; };
		F6CE02222E0ACFDD0068E717 /* 4Notes.aiff in Copy Audio */ = {isa = PBXBuildFile; fileRef = F6EEE8E42E0ACCAE00E46FE6 /* 4Notes.aiff */; };
		F6CE02232E0ACFDD0068E717 /* Awaken.aiff in Copy Audio */ = {isa = PBXBuildFile; fileRef = F6EEE8E52E0ACCAE00E46FE6 /* Awaken.aiff */; };
		F6CE02242E0ACFDD0068E717 /* Bowl.aiff in Copy Audio */ = {isa = PBXBuildFile; fileRef = F6EEE8E62E0ACCAE00E46FE6 /* Bowl.aiff */; };
		F6CE02252E0ACFDD0068E717 /* Deepen.aiff in Copy Audio */ = {isa = PBXBuildFile; fileRef = F6EEE8E72E0ACCAE00E46FE6 /* Deepen.aiff */; };
		F6CE02262E0ACFDD0068E717 /* Dot.aiff in Copy Audio */ = {isa = PBXBuildFile; fileRef = F6EEE8E82E0ACCAE00E46FE6 /* Dot.aiff */; };
		F6CE02272E0ACFDD0068E717 /* Droplet.aiff in Copy Audio */ = {isa = PBXBuildFile; fileRef = F6EEE8E92E0ACCAE00E46FE6 /* Droplet.aiff */; };
		F6CE02282E0ACFDD0068E717 /* Glass.aiff in Copy Audio */ = {isa = PBXBuildFile; fileRef = F6EEE8EA2E0ACCAE00E46FE6 /* Glass.aiff */; };
		F6CE02292E0ACFDD0068E717 /* Gling.aiff in Copy Audio */ = {isa = PBXBuildFile; fileRef = F6EEE8EB2E0ACCAE00E46FE6 /* Gling.aiff */; };
		F6CE022A2E0ACFDD0068E717 /* Sonar.aiff in Copy Audio */ = {isa = PBXBuildFile; fileRef = F6EEE8EC2E0ACCAE00E46FE6 /* Sonar.aiff */; };
		F6CE022B2E0ACFDD0068E717 /* Spring.aiff in Copy Audio */ = {isa = PBXBuildFile; fileRef = F6EEE8ED2E0ACCAE00E46FE6 /* Spring.aiff */; };
		F6CE022C2E0ACFDD0068E717 /* Tada.aiff in Copy Audio */ = {isa = PBXBuildFile; fileRef = F6EEE8EE2E0ACCAE00E46FE6 /* Tada.aiff */; };
		F6DB08AB2E0C2A3300ABE3FE /* SnoozeTimeEditorView.swift in Sources */ = {isa = PBXBuildFile; fileRef = F6DB08AA2E0C2A3300ABE3FE /* SnoozeTimeEditorView.swift */; };
		F6DB08B12E0CAD6800ABE3FE /* TickerPayload.swift in Sources */ = {isa = PBXBuildFile; fileRef = F6DB08B02E0CAD6800ABE3FE /* TickerPayload.swift */; };
		F6DB08BD2E0CB21E00ABE3FE /* PersistenceKey.swift in Sources */ = {isa = PBXBuildFile; fileRef = F6DB08BC2E0CB21E00ABE3FE /* PersistenceKey.swift */; };
		F6DB08C62E0CB6B600ABE3FE /* AppSettings.swift in Sources */ = {isa = PBXBuildFile; fileRef = F6DB08C52E0CB6B600ABE3FE /* AppSettings.swift */; };
		F6DB08D82E0D265500ABE3FE /* SoundLibrary.swift in Sources */ = {isa = PBXBuildFile; fileRef = F6DB08D72E0D265500ABE3FE /* SoundLibrary.swift */; };
		F6EEE9232E0ACCAE00E46FE6 /* RemovalDelayEditorView.swift in Sources */ = {isa = PBXBuildFile; fileRef = F6EEE9112E0ACCAE00E46FE6 /* RemovalDelayEditorView.swift */; };
		F6EEE9242E0ACCAE00E46FE6 /* Toast.swift in Sources */ = {isa = PBXBuildFile; fileRef = F6EEE90A2E0ACCAE00E46FE6 /* Toast.swift */; };
		F6EEE9282E0ACCAE00E46FE6 /* WindowAccessor.swift in Sources */ = {isa = PBXBuildFile; fileRef = F6EEE8FE2E0ACCAE00E46FE6 /* WindowAccessor.swift */; };
		F6EEE9292E0ACCAE00E46FE6 /* ContentView.swift in Sources */ = {isa = PBXBuildFile; fileRef = F6EEE91A2E0ACCAE00E46FE6 /* ContentView.swift */; };
		F6EEE92D2E0ACCAE00E46FE6 /* AppError.swift in Sources */ = {isa = PBXBuildFile; fileRef = F6EEE8F52E0ACCAE00E46FE6 /* AppError.swift */; };
		F6EEE9312E0ACCAE00E46FE6 /* TickerItem.swift in Sources */ = {isa = PBXBuildFile; fileRef = F6EEE8F32E0ACCAE00E46FE6 /* TickerItem.swift */; };
		F6EEE9322E0ACCAE00E46FE6 /* IconTabPicker.swift in Sources */ = {isa = PBXBuildFile; fileRef = F6EEE9102E0ACCAE00E46FE6 /* IconTabPicker.swift */; };
		F6EEE9342E0ACCAE00E46FE6 /* NSSound+Extensions.swift in Sources */ = {isa = PBXBuildFile; fileRef = F6EEE8F92E0ACCAE00E46FE6 /* NSSound+Extensions.swift */; };
		F6EEE9352E0ACCAE00E46FE6 /* TickerSqueakApp.swift in Sources */ = {isa = PBXBuildFile; fileRef = F6EEE9202E0ACCAE00E46FE6 /* TickerSqueakApp.swift */; };
		F6EEE9392E0ACCAE00E46FE6 /* IgnoreInputDialog.swift in Sources */ = {isa = PBXBuildFile; fileRef = F6EEE9042E0ACCAE00E46FE6 /* IgnoreInputDialog.swift */; };
		F6EEE93B2E0ACCAE00E46FE6 /* DirectionButton.swift in Sources */ = {isa = PBXBuildFile; fileRef = F6EEE90F2E0ACCAE00E46FE6 /* DirectionButton.swift */; };
		F6EEE93C2E0ACCAE00E46FE6 /* DesignMode.swift in Sources */ = {isa = PBXBuildFile; fileRef = F6EEE8FC2E0ACCAE00E46FE6 /* DesignMode.swift */; };
		F6EEE93E2E0ACCAE00E46FE6 /* ErrorDialogView.swift in Sources */ = {isa = PBXBuildFile; fileRef = F6EEE8F62E0ACCAE00E46FE6 /* ErrorDialogView.swift */; };
		F6EEE9422E0ACCAE00E46FE6 /* Sonar.aiff in Resources */ = {isa = PBXBuildFile; fileRef = F6EEE8EC2E0ACCAE00E46FE6 /* Sonar.aiff */; };
		F6EEE9432E0ACCAE00E46FE6 /* Gling.aiff in Resources */ = {isa = PBXBuildFile; fileRef = F6EEE8EB2E0ACCAE00E46FE6 /* Gling.aiff */; };
		F6EEE9442E0ACCAE00E46FE6 /* Droplet.aiff in Resources */ = {isa = PBXBuildFile; fileRef = F6EEE8E92E0ACCAE00E46FE6 /* Droplet.aiff */; };
		F6EEE9452E0ACCAE00E46FE6 /* Tada.aiff in Resources */ = {isa = PBXBuildFile; fileRef = F6EEE8EE2E0ACCAE00E46FE6 /* Tada.aiff */; };
		F6EEE9472E0ACCAE00E46FE6 /* 4Notes.aiff in Resources */ = {isa = PBXBuildFile; fileRef = F6EEE8E42E0ACCAE00E46FE6 /* 4Notes.aiff */; };
		F6EEE9482E0ACCAE00E46FE6 /* Dot.aiff in Resources */ = {isa = PBXBuildFile; fileRef = F6EEE8E82E0ACCAE00E46FE6 /* Dot.aiff */; };
		F6EEE9492E0ACCAE00E46FE6 /* Spring.aiff in Resources */ = {isa = PBXBuildFile; fileRef = F6EEE8ED2E0ACCAE00E46FE6 /* Spring.aiff */; };
		F6EEE94A2E0ACCAE00E46FE6 /* Assets.xcassets in Resources */ = {isa = PBXBuildFile; fileRef = F6EEE91E2E0ACCAE00E46FE6 /* Assets.xcassets */; };
		F6EEE94B2E0ACCAE00E46FE6 /* Bowl.aiff in Resources */ = {isa = PBXBuildFile; fileRef = F6EEE8E62E0ACCAE00E46FE6 /* Bowl.aiff */; };
		F6EEE94C2E0ACCAE00E46FE6 /* Awaken.aiff in Resources */ = {isa = PBXBuildFile; fileRef = F6EEE8E52E0ACCAE00E46FE6 /* Awaken.aiff */; };
		F6EEE94D2E0ACCAE00E46FE6 /* Deepen.aiff in Resources */ = {isa = PBXBuildFile; fileRef = F6EEE8E72E0ACCAE00E46FE6 /* Deepen.aiff */; };
		F6EEE94E2E0ACCAE00E46FE6 /* Glass.aiff in Resources */ = {isa = PBXBuildFile; fileRef = F6EEE8EA2E0ACCAE00E46FE6 /* Glass.aiff */; };
/* End PBXBuildFile section */

/* Begin PBXCopyFilesBuildPhase section */
		F63D48842E09562D00C78781 /* Copy Audio */ = {
			isa = PBXCopyFilesBuildPhase;
			buildActionMask = 2147483647;
			dstPath = Contents/Library/Sounds;
			dstSubfolderSpec = 1;
			files = (
				F6CE02222E0ACFDD0068E717 /* 4Notes.aiff in Copy Audio */,
				F6CE02232E0ACFDD0068E717 /* Awaken.aiff in Copy Audio */,
				F6CE02242E0ACFDD0068E717 /* Bowl.aiff in Copy Audio */,
				F6CE02252E0ACFDD0068E717 /* Deepen.aiff in Copy Audio */,
				F6CE02262E0ACFDD0068E717 /* Dot.aiff in Copy Audio */,
				F6CE02272E0ACFDD0068E717 /* Droplet.aiff in Copy Audio */,
				F6CE02282E0ACFDD0068E717 /* Glass.aiff in Copy Audio */,
				F6CE02292E0ACFDD0068E717 /* Gling.aiff in Copy Audio */,
				F6CE022A2E0ACFDD0068E717 /* Sonar.aiff in Copy Audio */,
				F6CE022B2E0ACFDD0068E717 /* Spring.aiff in Copy Audio */,
				F6CE022C2E0ACFDD0068E717 /* Tada.aiff in Copy Audio */,
			);
			name = "Copy Audio";
			runOnlyForDeploymentPostprocessing = 0;
		};
/* End PBXCopyFilesBuildPhase section */

/* Begin PBXFileReference section */
		F64A37DF2E13DC7D006CED86 /* AlwaysOnTopModifier.swift */ = {isa = PBXFileReference; lastKnownFileType = sourcecode.swift; path = AlwaysOnTopModifier.swift; sourceTree = "<group>"; };
		F68BC17D2E0D4B9A008D0D8C /* NotificationMethod.swift */ = {isa = PBXFileReference; lastKnownFileType = sourcecode.swift; path = NotificationMethod.swift; sourceTree = "<group>"; };
		F68BC17F2E0D56F5008D0D8C /* Dialog.swift */ = {isa = PBXFileReference; lastKnownFileType = sourcecode.swift; path = Dialog.swift; sourceTree = "<group>"; };
		F68BC1832E0D598B008D0D8C /* DialogView.swift */ = {isa = PBXFileReference; lastKnownFileType = sourcecode.swift; path = DialogView.swift; sourceTree = "<group>"; };
		F68BC1852E0D5C98008D0D8C /* PersistentWindow.swift */ = {isa = PBXFileReference; lastKnownFileType = sourcecode.swift; path = PersistentWindow.swift; sourceTree = "<group>"; };
		F68BC1872E0D5CF7008D0D8C /* PersistentFrame.swift */ = {isa = PBXFileReference; lastKnownFileType = sourcecode.swift; path = PersistentFrame.swift; sourceTree = "<group>"; };
		F68BC1982E0D76FF008D0D8C /* NotificationAudioSettingsView.swift */ = {isa = PBXFileReference; lastKnownFileType = sourcecode.swift; path = NotificationAudioSettingsView.swift; sourceTree = "<group>"; };
		F68BC19C2E0D7BEA008D0D8C /* NotificationSettingsView.swift */ = {isa = PBXFileReference; lastKnownFileType = sourcecode.swift; path = NotificationSettingsView.swift; sourceTree = "<group>"; };
		F68BC1A02E0D8ADB008D0D8C /* ServerSettingsView.swift */ = {isa = PBXFileReference; lastKnownFileType = sourcecode.swift; path = ServerSettingsView.swift; sourceTree = "<group>"; };
		F68BC1A42E0D8F07008D0D8C /* ListSettingsView.swift */ = {isa = PBXFileReference; lastKnownFileType = sourcecode.swift; path = ListSettingsView.swift; sourceTree = "<group>"; };
		F68BC1A82E0DC6BF008D0D8C /* SettingsView.swift */ = {isa = PBXFileReference; lastKnownFileType = sourcecode.swift; path = SettingsView.swift; sourceTree = "<group>"; };
		F68BC1AC2E0DD4A8008D0D8C /* DataMigrator.swift */ = {isa = PBXFileReference; lastKnownFileType = sourcecode.swift; path = DataMigrator.swift; sourceTree = "<group>"; };
		F68BC1B02E0DDA3D008D0D8C /* ContentViewModel.swift */ = {isa = PBXFileReference; lastKnownFileType = sourcecode.swift; path = ContentViewModel.swift; sourceTree = "<group>"; };
		F68BC4042E0F0CBD008D0D8C /* ChartingSettingsView.swift */ = {isa = PBXFileReference; lastKnownFileType = sourcecode.swift; path = ChartingSettingsView.swift; sourceTree = "<group>"; };
		F68BC40A2E0F4E81008D0D8C /* ToastView.swift */ = {isa = PBXFileReference; lastKnownFileType = sourcecode.swift; path = ToastView.swift; sourceTree = "<group>"; };
		F68BC40C2E0FB64E008D0D8C /* ToastPresenter.swift */ = {isa = PBXFileReference; lastKnownFileType = sourcecode.swift; path = ToastPresenter.swift; sourceTree = "<group>"; };
		F698C2D92E06FFAE000CA939 /* TickerSqueak.app */ = {isa = PBXFileReference; explicitFileType = wrapper.application; includeInIndex = 0; path = TickerSqueak.app; sourceTree = BUILT_PRODUCTS_DIR; };
		F6B508092E175396005953F2 /* NSImage+Extensions.swift */ = {isa = PBXFileReference; lastKnownFileType = sourcecode.swift; path = "NSImage+Extensions.swift"; sourceTree = "<group>"; };
		F6B508902E180A3C005953F2 /* NSSavePanel+Extension.swift */ = {isa = PBXFileReference; lastKnownFileType = sourcecode.swift; path = "NSSavePanel+Extension.swift"; sourceTree = "<group>"; };
		F6B508942E180E70005953F2 /* MultiClickButton.swift */ = {isa = PBXFileReference; lastKnownFileType = sourcecode.swift; path = MultiClickButton.swift; sourceTree = "<group>"; };
		F6B508962E180EB3005953F2 /* StatusButton.swift */ = {isa = PBXFileReference; lastKnownFileType = sourcecode.swift; path = StatusButton.swift; sourceTree = "<group>"; };
		F6DB08AA2E0C2A3300ABE3FE /* SnoozeTimeEditorView.swift */ = {isa = PBXFileReference; lastKnownFileType = sourcecode.swift; path = SnoozeTimeEditorView.swift; sourceTree = "<group>"; };
		F6DB08B02E0CAD6800ABE3FE /* TickerPayload.swift */ = {isa = PBXFileReference; lastKnownFileType = sourcecode.swift; path = TickerPayload.swift; sourceTree = "<group>"; };
		F6DB08BC2E0CB21E00ABE3FE /* PersistenceKey.swift */ = {isa = PBXFileReference; lastKnownFileType = sourcecode.swift; path = PersistenceKey.swift; sourceTree = "<group>"; };
		F6DB08C52E0CB6B600ABE3FE /* AppSettings.swift */ = {isa = PBXFileReference; lastKnownFileType = sourcecode.swift; path = AppSettings.swift; sourceTree = "<group>"; };
		F6DB08D72E0D265500ABE3FE /* SoundLibrary.swift */ = {isa = PBXFileReference; lastKnownFileType = sourcecode.swift; path = SoundLibrary.swift; sourceTree = "<group>"; };
		F6EEE8E42E0ACCAE00E46FE6 /* 4Notes.aiff */ = {isa = PBXFileReference; lastKnownFileType = audio.aiff; path = 4Notes.aiff; sourceTree = "<group>"; };
		F6EEE8E52E0ACCAE00E46FE6 /* Awaken.aiff */ = {isa = PBXFileReference; lastKnownFileType = audio.aiff; path = Awaken.aiff; sourceTree = "<group>"; };
		F6EEE8E62E0ACCAE00E46FE6 /* Bowl.aiff */ = {isa = PBXFileReference; lastKnownFileType = audio.aiff; path = Bowl.aiff; sourceTree = "<group>"; };
		F6EEE8E72E0ACCAE00E46FE6 /* Deepen.aiff */ = {isa = PBXFileReference; lastKnownFileType = audio.aiff; path = Deepen.aiff; sourceTree = "<group>"; };
		F6EEE8E82E0ACCAE00E46FE6 /* Dot.aiff */ = {isa = PBXFileReference; lastKnownFileType = audio.aiff; path = Dot.aiff; sourceTree = "<group>"; };
		F6EEE8E92E0ACCAE00E46FE6 /* Droplet.aiff */ = {isa = PBXFileReference; lastKnownFileType = audio.aiff; path = Droplet.aiff; sourceTree = "<group>"; };
		F6EEE8EA2E0ACCAE00E46FE6 /* Glass.aiff */ = {isa = PBXFileReference; lastKnownFileType = audio.aiff; path = Glass.aiff; sourceTree = "<group>"; };
		F6EEE8EB2E0ACCAE00E46FE6 /* Gling.aiff */ = {isa = PBXFileReference; lastKnownFileType = audio.aiff; path = Gling.aiff; sourceTree = "<group>"; };
		F6EEE8EC2E0ACCAE00E46FE6 /* Sonar.aiff */ = {isa = PBXFileReference; lastKnownFileType = audio.aiff; path = Sonar.aiff; sourceTree = "<group>"; };
		F6EEE8ED2E0ACCAE00E46FE6 /* Spring.aiff */ = {isa = PBXFileReference; lastKnownFileType = audio.aiff; path = Spring.aiff; sourceTree = "<group>"; };
		F6EEE8EE2E0ACCAE00E46FE6 /* Tada.aiff */ = {isa = PBXFileReference; lastKnownFileType = audio.aiff; path = Tada.aiff; sourceTree = "<group>"; };
		F6EEE8F32E0ACCAE00E46FE6 /* TickerItem.swift */ = {isa = PBXFileReference; lastKnownFileType = sourcecode.swift; path = TickerItem.swift; sourceTree = "<group>"; };
		F6EEE8F52E0ACCAE00E46FE6 /* AppError.swift */ = {isa = PBXFileReference; lastKnownFileType = sourcecode.swift; path = AppError.swift; sourceTree = "<group>"; };
		F6EEE8F62E0ACCAE00E46FE6 /* ErrorDialogView.swift */ = {isa = PBXFileReference; lastKnownFileType = sourcecode.swift; path = ErrorDialogView.swift; sourceTree = "<group>"; };
		F6EEE8F92E0ACCAE00E46FE6 /* NSSound+Extensions.swift */ = {isa = PBXFileReference; lastKnownFileType = sourcecode.swift; path = "NSSound+Extensions.swift"; sourceTree = "<group>"; };
		F6EEE8FC2E0ACCAE00E46FE6 /* DesignMode.swift */ = {isa = PBXFileReference; lastKnownFileType = sourcecode.swift; path = DesignMode.swift; sourceTree = "<group>"; };
		F6EEE8FE2E0ACCAE00E46FE6 /* WindowAccessor.swift */ = {isa = PBXFileReference; lastKnownFileType = sourcecode.swift; path = WindowAccessor.swift; sourceTree = "<group>"; };
		F6EEE9042E0ACCAE00E46FE6 /* IgnoreInputDialog.swift */ = {isa = PBXFileReference; lastKnownFileType = sourcecode.swift; path = IgnoreInputDialog.swift; sourceTree = "<group>"; };
		F6EEE90A2E0ACCAE00E46FE6 /* Toast.swift */ = {isa = PBXFileReference; lastKnownFileType = sourcecode.swift; path = Toast.swift; sourceTree = "<group>"; };
		F6EEE90F2E0ACCAE00E46FE6 /* DirectionButton.swift */ = {isa = PBXFileReference; lastKnownFileType = sourcecode.swift; path = DirectionButton.swift; sourceTree = "<group>"; };
		F6EEE9102E0ACCAE00E46FE6 /* IconTabPicker.swift */ = {isa = PBXFileReference; lastKnownFileType = sourcecode.swift; path = IconTabPicker.swift; sourceTree = "<group>"; };
		F6EEE9112E0ACCAE00E46FE6 /* RemovalDelayEditorView.swift */ = {isa = PBXFileReference; lastKnownFileType = sourcecode.swift; path = RemovalDelayEditorView.swift; sourceTree = "<group>"; };
		F6EEE91A2E0ACCAE00E46FE6 /* ContentView.swift */ = {isa = PBXFileReference; lastKnownFileType = sourcecode.swift; path = ContentView.swift; sourceTree = "<group>"; };
		F6EEE91E2E0ACCAE00E46FE6 /* Assets.xcassets */ = {isa = PBXFileReference; lastKnownFileType = folder.assetcatalog; path = Assets.xcassets; sourceTree = "<group>"; };
		F6EEE91F2E0ACCAE00E46FE6 /* TickerSqueak.entitlements */ = {isa = PBXFileReference; lastKnownFileType = text.plist.entitlements; path = TickerSqueak.entitlements; sourceTree = "<group>"; };
		F6EEE9202E0ACCAE00E46FE6 /* TickerSqueakApp.swift */ = {isa = PBXFileReference; lastKnownFileType = sourcecode.swift; path = TickerSqueakApp.swift; sourceTree = "<group>"; };
/* End PBXFileReference section */

/* Begin PBXFileSystemSynchronizedRootGroup section */
		F67F90212E1062CE00186678 /* WebView */ = {
			isa = PBXFileSystemSynchronizedRootGroup;
			path = WebView;
			sourceTree = "<group>";
		};
		F68BC18A2E0D65AD008D0D8C /* Dependencies */ = {
			isa = PBXFileSystemSynchronizedRootGroup;
			path = Dependencies;
			sourceTree = "<group>";
		};
		F68BC1B72E0EA2DF008D0D8C /* Lists */ = {
			isa = PBXFileSystemSynchronizedRootGroup;
			path = Lists;
			sourceTree = "<group>";
		};
		F68BC2D32E0ECE56008D0D8C /* Debug */ = {
			isa = PBXFileSystemSynchronizedRootGroup;
			path = Debug;
			sourceTree = "<group>";
		};
		F68BC3F92E0F0C79008D0D8C /* Charting */ = {
			isa = PBXFileSystemSynchronizedRootGroup;
			path = Charting;
			sourceTree = "<group>";
		};
		F6B507F32E174851005953F2 /* Checklists */ = {
			isa = PBXFileSystemSynchronizedRootGroup;
			path = Checklists;
			sourceTree = "<group>";
		};
		F6B507FE2E174CBD005953F2 /* Providers */ = {
			isa = PBXFileSystemSynchronizedRootGroup;
			path = Providers;
			sourceTree = "<group>";
		};
		F6B507FF2E174CE7005953F2 /* Handlers */ = {
			isa = PBXFileSystemSynchronizedRootGroup;
			path = Handlers;
			sourceTree = "<group>";
		};
		F6B508022E1751BF005953F2 /* Checklists */ = {
			isa = PBXFileSystemSynchronizedRootGroup;
			path = Checklists;
			sourceTree = "<group>";
		};
		F6B508102E17FADA005953F2 /* TradeIdeas */ = {
			isa = PBXFileSystemSynchronizedRootGroup;
			path = TradeIdeas;
			sourceTree = "<group>";
		};
		F6B5089D2E1822AC005953F2 /* Checklists */ = {
			isa = PBXFileSystemSynchronizedRootGroup;
			path = Checklists;
			sourceTree = "<group>";
		};
		F6B5089E2E1822B7005953F2 /* Webviews */ = {
			isa = PBXFileSystemSynchronizedRootGroup;
			path = Webviews;
			sourceTree = "<group>";
		};
		F6B5089F2E1822C5005953F2 /* Lists */ = {
			isa = PBXFileSystemSynchronizedRootGroup;
			path = Lists;
			sourceTree = "<group>";
		};
		F6B508A02E1822D9005953F2 /* Settings */ = {
			isa = PBXFileSystemSynchronizedRootGroup;
			path = Settings;
			sourceTree = "<group>";
		};
		F6DB08AC2E0CACE800ABE3FE /* Managers */ = {
			isa = PBXFileSystemSynchronizedRootGroup;
			path = Managers;
			sourceTree = "<group>";
		};
		F6DB08AD2E0CAD4700ABE3FE /* Protocols */ = {
			isa = PBXFileSystemSynchronizedRootGroup;
			path = Protocols;
			sourceTree = "<group>";
		};
/* End PBXFileSystemSynchronizedRootGroup section */

/* Begin PBXFrameworksBuildPhase section */
		F698C2D62E06FFAE000CA939 /* Frameworks */ = {
			isa = PBXFrameworksBuildPhase;
			buildActionMask = 2147483647;
			files = (
				F698C2EA2E0700F6000CA939 /* Swifter in Frameworks */,
			);
			runOnlyForDeploymentPostprocessing = 0;
		};
/* End PBXFrameworksBuildPhase section */

/* Begin PBXGroup section */
		F698C2D02E06FFAE000CA939 = {
			isa = PBXGroup;
			children = (
				F6EEE9212E0ACCAE00E46FE6 /* TickerSqueak */,
				F698C2DA2E06FFAE000CA939 /* Products */,
			);
			sourceTree = "<group>";
		};
		F698C2DA2E06FFAE000CA939 /* Products */ = {
			isa = PBXGroup;
			children = (
				F698C2D92E06FFAE000CA939 /* TickerSqueak.app */,
			);
			name = Products;
			sourceTree = "<group>";
		};
		F6EEE8EF2E0ACCAE00E46FE6 /* Audio */ = {
			isa = PBXGroup;
			children = (
				F6EEE8E42E0ACCAE00E46FE6 /* 4Notes.aiff */,
				F6EEE8E52E0ACCAE00E46FE6 /* Awaken.aiff */,
				F6EEE8E62E0ACCAE00E46FE6 /* Bowl.aiff */,
				F6EEE8E72E0ACCAE00E46FE6 /* Deepen.aiff */,
				F6EEE8E82E0ACCAE00E46FE6 /* Dot.aiff */,
				F6EEE8E92E0ACCAE00E46FE6 /* Droplet.aiff */,
				F6EEE8EA2E0ACCAE00E46FE6 /* Glass.aiff */,
				F6EEE8EB2E0ACCAE00E46FE6 /* Gling.aiff */,
				F6EEE8EC2E0ACCAE00E46FE6 /* Sonar.aiff */,
				F6EEE8ED2E0ACCAE00E46FE6 /* Spring.aiff */,
				F6EEE8EE2E0ACCAE00E46FE6 /* Tada.aiff */,
			);
			path = Audio;
			sourceTree = "<group>";
		};
		F6EEE8F42E0ACCAE00E46FE6 /* Data */ = {
			isa = PBXGroup;
			children = (
				F6B508102E17FADA005953F2 /* TradeIdeas */,
				F6B507F32E174851005953F2 /* Checklists */,
				F68BC3F92E0F0C79008D0D8C /* Charting */,
				F68BC1AC2E0DD4A8008D0D8C /* DataMigrator.swift */,
				F68BC17D2E0D4B9A008D0D8C /* NotificationMethod.swift */,
				F6DB08C52E0CB6B600ABE3FE /* AppSettings.swift */,
				F6DB08B02E0CAD6800ABE3FE /* TickerPayload.swift */,
				F6EEE8F52E0ACCAE00E46FE6 /* AppError.swift */,
				F6EEE8F32E0ACCAE00E46FE6 /* TickerItem.swift */,
				F6DB08BC2E0CB21E00ABE3FE /* PersistenceKey.swift */,
				F6DB08D72E0D265500ABE3FE /* SoundLibrary.swift */,
			);
			path = Data;
			sourceTree = "<group>";
		};
		F6EEE8F82E0ACCAE00E46FE6 /* Dialogs */ = {
			isa = PBXGroup;
			children = (
				F6EEE9042E0ACCAE00E46FE6 /* IgnoreInputDialog.swift */,
				F68BC1832E0D598B008D0D8C /* DialogView.swift */,
				F6EEE8F62E0ACCAE00E46FE6 /* ErrorDialogView.swift */,
			);
			path = Dialogs;
			sourceTree = "<group>";
		};
		F6EEE8FB2E0ACCAE00E46FE6 /* Extensions */ = {
			isa = PBXGroup;
			children = (
				F6EEE8F92E0ACCAE00E46FE6 /* NSSound+Extensions.swift */,
				F6B508092E175396005953F2 /* NSImage+Extensions.swift */,
				F6B508902E180A3C005953F2 /* NSSavePanel+Extension.swift */,
			);
			path = Extensions;
			sourceTree = "<group>";
		};
		F6EEE8FF2E0ACCAE00E46FE6 /* Helpers */ = {
			isa = PBXGroup;
			children = (
				F6EEE8FC2E0ACCAE00E46FE6 /* DesignMode.swift */,
				F6EEE8FE2E0ACCAE00E46FE6 /* WindowAccessor.swift */,
				F68BC1852E0D5C98008D0D8C /* PersistentWindow.swift */,
			);
			path = Helpers;
			sourceTree = "<group>";
		};
		F6EEE90E2E0ACCAE00E46FE6 /* Toast */ = {
			isa = PBXGroup;
			children = (
				F6EEE90A2E0ACCAE00E46FE6 /* Toast.swift */,
				F68BC40C2E0FB64E008D0D8C /* ToastPresenter.swift */,
				F68BC40A2E0F4E81008D0D8C /* ToastView.swift */,
			);
			path = Toast;
			sourceTree = "<group>";
		};
		F6EEE9122E0ACCAE00E46FE6 /* UILib */ = {
			isa = PBXGroup;
			children = (
				F6EEE90E2E0ACCAE00E46FE6 /* Toast */,
				F6B508962E180EB3005953F2 /* StatusButton.swift */,
				F6B508942E180E70005953F2 /* MultiClickButton.swift */,
				F64A37DF2E13DC7D006CED86 /* AlwaysOnTopModifier.swift */,
				F6EEE90F2E0ACCAE00E46FE6 /* DirectionButton.swift */,
				F68BC1872E0D5CF7008D0D8C /* PersistentFrame.swift */,
				F6EEE9102E0ACCAE00E46FE6 /* IconTabPicker.swift */,
				F68BC17F2E0D56F5008D0D8C /* Dialog.swift */,
			);
			path = UILib;
			sourceTree = "<group>";
		};
		F6EEE9142E0ACCAE00E46FE6 /* ViewModels */ = {
			isa = PBXGroup;
			children = (
				F6B5089D2E1822AC005953F2 /* Checklists */,
				F6B5089F2E1822C5005953F2 /* Lists */,
				F6B508A02E1822D9005953F2 /* Settings */,
				F6B5089E2E1822B7005953F2 /* Webviews */,
				F68BC1B02E0DDA3D008D0D8C /* ContentViewModel.swift */,
			);
			path = ViewModels;
			sourceTree = "<group>";
		};
		F6EEE9192E0ACCAE00E46FE6 /* Settings */ = {
			isa = PBXGroup;
			children = (
				F68BC4042E0F0CBD008D0D8C /* ChartingSettingsView.swift */,
				F68BC1A82E0DC6BF008D0D8C /* SettingsView.swift */,
				F68BC1A42E0D8F07008D0D8C /* ListSettingsView.swift */,
				F68BC1A02E0D8ADB008D0D8C /* ServerSettingsView.swift */,
				F68BC19C2E0D7BEA008D0D8C /* NotificationSettingsView.swift */,
				F68BC1982E0D76FF008D0D8C /* NotificationAudioSettingsView.swift */,
				F6EEE9112E0ACCAE00E46FE6 /* RemovalDelayEditorView.swift */,
				F6DB08AA2E0C2A3300ABE3FE /* SnoozeTimeEditorView.swift */,
			);
			path = Settings;
			sourceTree = "<group>";
		};
		F6EEE91D2E0ACCAE00E46FE6 /* Views */ = {
			isa = PBXGroup;
			children = (
				F6B508022E1751BF005953F2 /* Checklists */,
				F6EEE8F82E0ACCAE00E46FE6 /* Dialogs */,
				F68BC1B72E0EA2DF008D0D8C /* Lists */,
				F6EEE9192E0ACCAE00E46FE6 /* Settings */,
				F67F90212E1062CE00186678 /* WebView */,
				F6EEE91A2E0ACCAE00E46FE6 /* ContentView.swift */,
			);
			path = Views;
			sourceTree = "<group>";
		};
		F6EEE9212E0ACCAE00E46FE6 /* TickerSqueak */ = {
			isa = PBXGroup;
			children = (
				F68BC2D32E0ECE56008D0D8C /* Debug */,
				F68BC18A2E0D65AD008D0D8C /* Dependencies */,
				F6EEE8EF2E0ACCAE00E46FE6 /* Audio */,
				F6DB08AD2E0CAD4700ABE3FE /* Protocols */,
				F6B507FE2E174CBD005953F2 /* Providers */,
				F6B507FF2E174CE7005953F2 /* Handlers */,
				F6DB08AC2E0CACE800ABE3FE /* Managers */,
				F6EEE8F42E0ACCAE00E46FE6 /* Data */,
				F6EEE8FB2E0ACCAE00E46FE6 /* Extensions */,
				F6EEE8FF2E0ACCAE00E46FE6 /* Helpers */,
				F6EEE9122E0ACCAE00E46FE6 /* UILib */,
				F6EEE9142E0ACCAE00E46FE6 /* ViewModels */,
				F6EEE91D2E0ACCAE00E46FE6 /* Views */,
				F6EEE91E2E0ACCAE00E46FE6 /* Assets.xcassets */,
				F6EEE91F2E0ACCAE00E46FE6 /* TickerSqueak.entitlements */,
				F6EEE9202E0ACCAE00E46FE6 /* TickerSqueakApp.swift */,
			);
			path = TickerSqueak;
			sourceTree = "<group>";
		};
/* End PBXGroup section */

/* Begin PBXNativeTarget section */
		F698C2D82E06FFAE000CA939 /* TickerSqueak */ = {
			isa = PBXNativeTarget;
			buildConfigurationList = F698C2E52E06FFAF000CA939 /* Build configuration list for PBXNativeTarget "TickerSqueak" */;
			buildPhases = (
				F698C2D52E06FFAE000CA939 /* Sources */,
				F698C2D62E06FFAE000CA939 /* Frameworks */,
				F698C2D72E06FFAE000CA939 /* Resources */,
				F63D48842E09562D00C78781 /* Copy Audio */,
			);
			buildRules = (
			);
			dependencies = (
			);
			fileSystemSynchronizedGroups = (
				F67F90212E1062CE00186678 /* WebView */,
				F68BC18A2E0D65AD008D0D8C /* Dependencies */,
				F68BC1B72E0EA2DF008D0D8C /* Lists */,
				F68BC2D32E0ECE56008D0D8C /* Debug */,
				F68BC3F92E0F0C79008D0D8C /* Charting */,
				F6B507F32E174851005953F2 /* Checklists */,
				F6B507FE2E174CBD005953F2 /* Providers */,
				F6B507FF2E174CE7005953F2 /* Handlers */,
				F6B508022E1751BF005953F2 /* Checklists */,
				F6B508102E17FADA005953F2 /* TradeIdeas */,
				F6B5089D2E1822AC005953F2 /* Checklists */,
				F6B5089E2E1822B7005953F2 /* Webviews */,
				F6B5089F2E1822C5005953F2 /* Lists */,
				F6B508A02E1822D9005953F2 /* Settings */,
				F6DB08AC2E0CACE800ABE3FE /* Managers */,
				F6DB08AD2E0CAD4700ABE3FE /* Protocols */,
			);
			name = TickerSqueak;
			packageProductDependencies = (
				F698C2E92E0700F6000CA939 /* Swifter */,
			);
			productName = "Symbol Notifier";
			productReference = F698C2D92E06FFAE000CA939 /* TickerSqueak.app */;
			productType = "com.apple.product-type.application";
		};
/* End PBXNativeTarget section */

/* Begin PBXProject section */
		F698C2D12E06FFAE000CA939 /* Project object */ = {
			isa = PBXProject;
			attributes = {
				BuildIndependentTargetsInParallel = 1;
				LastSwiftUpdateCheck = 1630;
				LastUpgradeCheck = 1630;
				TargetAttributes = {
					F698C2D82E06FFAE000CA939 = {
						CreatedOnToolsVersion = 16.3;
					};
				};
			};
			buildConfigurationList = F698C2D42E06FFAE000CA939 /* Build configuration list for PBXProject "TickerSqueak" */;
			developmentRegion = en;
			hasScannedForEncodings = 0;
			knownRegions = (
				en,
				Base,
			);
			mainGroup = F698C2D02E06FFAE000CA939;
			minimizedProjectReferenceProxies = 1;
			packageReferences = (
				F698C2E82E0700F6000CA939 /* XCRemoteSwiftPackageReference "swifter" */,
			);
			preferredProjectObjectVersion = 77;
			productRefGroup = F698C2DA2E06FFAE000CA939 /* Products */;
			projectDirPath = "";
			projectRoot = "";
			targets = (
				F698C2D82E06FFAE000CA939 /* TickerSqueak */,
			);
		};
/* End PBXProject section */

/* Begin PBXResourcesBuildPhase section */
		F698C2D72E06FFAE000CA939 /* Resources */ = {
			isa = PBXResourcesBuildPhase;
			buildActionMask = 2147483647;
			files = (
				F6EEE9422E0ACCAE00E46FE6 /* Sonar.aiff in Resources */,
				F6EEE9432E0ACCAE00E46FE6 /* Gling.aiff in Resources */,
				F6EEE9442E0ACCAE00E46FE6 /* Droplet.aiff in Resources */,
				F6EEE9452E0ACCAE00E46FE6 /* Tada.aiff in Resources */,
				F6EEE9472E0ACCAE00E46FE6 /* 4Notes.aiff in Resources */,
				F6EEE9482E0ACCAE00E46FE6 /* Dot.aiff in Resources */,
				F6EEE9492E0ACCAE00E46FE6 /* Spring.aiff in Resources */,
				F6EEE94A2E0ACCAE00E46FE6 /* Assets.xcassets in Resources */,
				F6EEE94B2E0ACCAE00E46FE6 /* Bowl.aiff in Resources */,
				F6EEE94C2E0ACCAE00E46FE6 /* Awaken.aiff in Resources */,
				F6EEE94D2E0ACCAE00E46FE6 /* Deepen.aiff in Resources */,
				F6EEE94E2E0ACCAE00E46FE6 /* Glass.aiff in Resources */,
			);
			runOnlyForDeploymentPostprocessing = 0;
		};
/* End PBXResourcesBuildPhase section */

/* Begin PBXSourcesBuildPhase section */
		F698C2D52E06FFAE000CA939 /* Sources */ = {
			isa = PBXSourcesBuildPhase;
			buildActionMask = 2147483647;
			files = (
				F6EEE9232E0ACCAE00E46FE6 /* RemovalDelayEditorView.swift in Sources */,
				F6EEE9242E0ACCAE00E46FE6 /* Toast.swift in Sources */,
				F68BC1A12E0D8ADB008D0D8C /* ServerSettingsView.swift in Sources */,
				F68BC1802E0D56F9008D0D8C /* Dialog.swift in Sources */,
				F68BC1A92E0DC6BF008D0D8C /* SettingsView.swift in Sources */,
				F6DB08B12E0CAD6800ABE3FE /* TickerPayload.swift in Sources */,
				F68BC1862E0D5C98008D0D8C /* PersistentWindow.swift in Sources */,
				F64A37E02E13DC7D006CED86 /* AlwaysOnTopModifier.swift in Sources */,
				F68BC4052E0F0CBD008D0D8C /* ChartingSettingsView.swift in Sources */,
				F6EEE9282E0ACCAE00E46FE6 /* WindowAccessor.swift in Sources */,
				F6EEE9292E0ACCAE00E46FE6 /* ContentView.swift in Sources */,
				F68BC1992E0D76FF008D0D8C /* NotificationAudioSettingsView.swift in Sources */,
				F6B508952E180E70005953F2 /* MultiClickButton.swift in Sources */,
				F68BC17E2E0D4B9A008D0D8C /* NotificationMethod.swift in Sources */,
				F6EEE92D2E0ACCAE00E46FE6 /* AppError.swift in Sources */,
				F6DB08C62E0CB6B600ABE3FE /* AppSettings.swift in Sources */,
				F6B508972E180EB3005953F2 /* StatusButton.swift in Sources */,
				F6EEE9312E0ACCAE00E46FE6 /* TickerItem.swift in Sources */,
				F68BC40B2E0F4E81008D0D8C /* ToastView.swift in Sources */,
				F6EEE9322E0ACCAE00E46FE6 /* IconTabPicker.swift in Sources */,
				F68BC1AD2E0DD4A8008D0D8C /* DataMigrator.swift in Sources */,
				F6B508912E180A3C005953F2 /* NSSavePanel+Extension.swift in Sources */,
				F6EEE9342E0ACCAE00E46FE6 /* NSSound+Extensions.swift in Sources */,
				F6EEE9352E0ACCAE00E46FE6 /* TickerSqueakApp.swift in Sources */,
				F68BC1B12E0DDA3D008D0D8C /* ContentViewModel.swift in Sources */,
				F6EEE9392E0ACCAE00E46FE6 /* IgnoreInputDialog.swift in Sources */,
				F6EEE93B2E0ACCAE00E46FE6 /* DirectionButton.swift in Sources */,
				F6DB08AB2E0C2A3300ABE3FE /* SnoozeTimeEditorView.swift in Sources */,
				F6DB08BD2E0CB21E00ABE3FE /* PersistenceKey.swift in Sources */,
				F68BC1A52E0D8F07008D0D8C /* ListSettingsView.swift in Sources */,
				F6EEE93C2E0ACCAE00E46FE6 /* DesignMode.swift in Sources */,
				F6B5080A2E175396005953F2 /* NSImage+Extensions.swift in Sources */,
				F6DB08D82E0D265500ABE3FE /* SoundLibrary.swift in Sources */,
				F68BC1842E0D598B008D0D8C /* DialogView.swift in Sources */,
				F68BC40D2E0FB64E008D0D8C /* ToastPresenter.swift in Sources */,
				F6EEE93E2E0ACCAE00E46FE6 /* ErrorDialogView.swift in Sources */,
				F68BC1882E0D5CF7008D0D8C /* PersistentFrame.swift in Sources */,
				F68BC19D2E0D7BEA008D0D8C /* NotificationSettingsView.swift in Sources */,
			);
			runOnlyForDeploymentPostprocessing = 0;
		};
/* End PBXSourcesBuildPhase section */

/* Begin XCBuildConfiguration section */
		F698C2E32E06FFAF000CA939 /* Debug */ = {
			isa = XCBuildConfiguration;
			buildSettings = {
				ALWAYS_SEARCH_USER_PATHS = NO;
				ASSETCATALOG_COMPILER_GENERATE_SWIFT_ASSET_SYMBOL_EXTENSIONS = YES;
				CLANG_ANALYZER_NONNULL = YES;
				CLANG_ANALYZER_NUMBER_OBJECT_CONVERSION = YES_AGGRESSIVE;
				CLANG_CXX_LANGUAGE_STANDARD = "gnu++20";
				CLANG_ENABLE_MODULES = YES;
				CLANG_ENABLE_OBJC_ARC = YES;
				CLANG_ENABLE_OBJC_WEAK = YES;
				CLANG_WARN_BLOCK_CAPTURE_AUTORELEASING = YES;
				CLANG_WARN_BOOL_CONVERSION = YES;
				CLANG_WARN_COMMA = YES;
				CLANG_WARN_CONSTANT_CONVERSION = YES;
				CLANG_WARN_DEPRECATED_OBJC_IMPLEMENTATIONS = YES;
				CLANG_WARN_DIRECT_OBJC_ISA_USAGE = YES_ERROR;
				CLANG_WARN_DOCUMENTATION_COMMENTS = YES;
				CLANG_WARN_EMPTY_BODY = YES;
				CLANG_WARN_ENUM_CONVERSION = YES;
				CLANG_WARN_INFINITE_RECURSION = YES;
				CLANG_WARN_INT_CONVERSION = YES;
				CLANG_WARN_NON_LITERAL_NULL_CONVERSION = YES;
				CLANG_WARN_OBJC_IMPLICIT_RETAIN_SELF = YES;
				CLANG_WARN_OBJC_LITERAL_CONVERSION = YES;
				CLANG_WARN_OBJC_ROOT_CLASS = YES_ERROR;
				CLANG_WARN_QUOTED_INCLUDE_IN_FRAMEWORK_HEADER = YES;
				CLANG_WARN_RANGE_LOOP_ANALYSIS = YES;
				CLANG_WARN_STRICT_PROTOTYPES = YES;
				CLANG_WARN_SUSPICIOUS_MOVE = YES;
				CLANG_WARN_UNGUARDED_AVAILABILITY = YES_AGGRESSIVE;
				CLANG_WARN_UNREACHABLE_CODE = YES;
				CLANG_WARN__DUPLICATE_METHOD_MATCH = YES;
				COPY_PHASE_STRIP = NO;
				DEBUG_INFORMATION_FORMAT = dwarf;
				DEVELOPMENT_TEAM = SH94AY676V;
				ENABLE_STRICT_OBJC_MSGSEND = YES;
				ENABLE_TESTABILITY = YES;
				ENABLE_USER_SCRIPT_SANDBOXING = YES;
				GCC_C_LANGUAGE_STANDARD = gnu17;
				GCC_DYNAMIC_NO_PIC = NO;
				GCC_NO_COMMON_BLOCKS = YES;
				GCC_OPTIMIZATION_LEVEL = 0;
				GCC_PREPROCESSOR_DEFINITIONS = (
					"DEBUG=1",
					"$(inherited)",
				);
				GCC_WARN_64_TO_32_BIT_CONVERSION = YES;
				GCC_WARN_ABOUT_RETURN_TYPE = YES_ERROR;
				GCC_WARN_UNDECLARED_SELECTOR = YES;
				GCC_WARN_UNINITIALIZED_AUTOS = YES_AGGRESSIVE;
				GCC_WARN_UNUSED_FUNCTION = YES;
				GCC_WARN_UNUSED_VARIABLE = YES;
				LOCALIZATION_PREFERS_STRING_CATALOGS = YES;
				MACOSX_DEPLOYMENT_TARGET = 15.4;
				MTL_ENABLE_DEBUG_INFO = INCLUDE_SOURCE;
				MTL_FAST_MATH = YES;
				ONLY_ACTIVE_ARCH = YES;
				SDKROOT = macosx;
				SWIFT_ACTIVE_COMPILATION_CONDITIONS = "DEBUG $(inherited)";
				SWIFT_OPTIMIZATION_LEVEL = "-Onone";
			};
			name = Debug;
		};
		F698C2E42E06FFAF000CA939 /* Release */ = {
			isa = XCBuildConfiguration;
			buildSettings = {
				ALWAYS_SEARCH_USER_PATHS = NO;
				ASSETCATALOG_COMPILER_GENERATE_SWIFT_ASSET_SYMBOL_EXTENSIONS = YES;
				CLANG_ANALYZER_NONNULL = YES;
				CLANG_ANALYZER_NUMBER_OBJECT_CONVERSION = YES_AGGRESSIVE;
				CLANG_CXX_LANGUAGE_STANDARD = "gnu++20";
				CLANG_ENABLE_MODULES = YES;
				CLANG_ENABLE_OBJC_ARC = YES;
				CLANG_ENABLE_OBJC_WEAK = YES;
				CLANG_WARN_BLOCK_CAPTURE_AUTORELEASING = YES;
				CLANG_WARN_BOOL_CONVERSION = YES;
				CLANG_WARN_COMMA = YES;
				CLANG_WARN_CONSTANT_CONVERSION = YES;
				CLANG_WARN_DEPRECATED_OBJC_IMPLEMENTATIONS = YES;
				CLANG_WARN_DIRECT_OBJC_ISA_USAGE = YES_ERROR;
				CLANG_WARN_DOCUMENTATION_COMMENTS = YES;
				CLANG_WARN_EMPTY_BODY = YES;
				CLANG_WARN_ENUM_CONVERSION = YES;
				CLANG_WARN_INFINITE_RECURSION = YES;
				CLANG_WARN_INT_CONVERSION = YES;
				CLANG_WARN_NON_LITERAL_NULL_CONVERSION = YES;
				CLANG_WARN_OBJC_IMPLICIT_RETAIN_SELF = YES;
				CLANG_WARN_OBJC_LITERAL_CONVERSION = YES;
				CLANG_WARN_OBJC_ROOT_CLASS = YES_ERROR;
				CLANG_WARN_QUOTED_INCLUDE_IN_FRAMEWORK_HEADER = YES;
				CLANG_WARN_RANGE_LOOP_ANALYSIS = YES;
				CLANG_WARN_STRICT_PROTOTYPES = YES;
				CLANG_WARN_SUSPICIOUS_MOVE = YES;
				CLANG_WARN_UNGUARDED_AVAILABILITY = YES_AGGRESSIVE;
				CLANG_WARN_UNREACHABLE_CODE = YES;
				CLANG_WARN__DUPLICATE_METHOD_MATCH = YES;
				COPY_PHASE_STRIP = NO;
				DEBUG_INFORMATION_FORMAT = "dwarf-with-dsym";
				DEVELOPMENT_TEAM = SH94AY676V;
				ENABLE_NS_ASSERTIONS = NO;
				ENABLE_STRICT_OBJC_MSGSEND = YES;
				ENABLE_USER_SCRIPT_SANDBOXING = YES;
				GCC_C_LANGUAGE_STANDARD = gnu17;
				GCC_NO_COMMON_BLOCKS = YES;
				GCC_WARN_64_TO_32_BIT_CONVERSION = YES;
				GCC_WARN_ABOUT_RETURN_TYPE = YES_ERROR;
				GCC_WARN_UNDECLARED_SELECTOR = YES;
				GCC_WARN_UNINITIALIZED_AUTOS = YES_AGGRESSIVE;
				GCC_WARN_UNUSED_FUNCTION = YES;
				GCC_WARN_UNUSED_VARIABLE = YES;
				LOCALIZATION_PREFERS_STRING_CATALOGS = YES;
				MACOSX_DEPLOYMENT_TARGET = 15.4;
				MTL_ENABLE_DEBUG_INFO = NO;
				MTL_FAST_MATH = YES;
				SDKROOT = macosx;
				SWIFT_COMPILATION_MODE = wholemodule;
			};
			name = Release;
		};
		F698C2E62E06FFAF000CA939 /* Debug */ = {
			isa = XCBuildConfiguration;
			buildSettings = {
				ASSETCATALOG_COMPILER_APPICON_NAME = AppIcon;
				ASSETCATALOG_COMPILER_GLOBAL_ACCENT_COLOR_NAME = AccentColor;
				ASSETCATALOG_COMPILER_INCLUDE_ALL_APPICON_ASSETS = YES;
				CODE_SIGN_ENTITLEMENTS = TickerSqueak/TickerSqueak.entitlements;
				"CODE_SIGN_IDENTITY[sdk=macosx*]" = "-";
				CODE_SIGN_STYLE = Automatic;
				COMBINE_HIDPI_IMAGES = YES;
				CURRENT_PROJECT_VERSION = 1;
				DEVELOPMENT_TEAM = C7F8MT3522;
				ENABLE_HARDENED_RUNTIME = YES;
				ENABLE_PREVIEWS = YES;
				GENERATE_INFOPLIST_FILE = YES;
				INFOPLIST_KEY_CFBundleDisplayName = "Ticker Squeak";
				INFOPLIST_KEY_NSHumanReadableCopyright = "";
				LD_RUNPATH_SEARCH_PATHS = (
					"$(inherited)",
					"@executable_path/../Frameworks",
				);
				MARKETING_VERSION = 1.0;
				PRODUCT_BUNDLE_IDENTIFIER = io.shkalash.TickerSqueak;
				PRODUCT_NAME = "$(TARGET_NAME)";
				REGISTER_APP_GROUPS = YES;
				SWIFT_EMIT_LOC_STRINGS = YES;
				SWIFT_VERSION = 5.0;
			};
			name = Debug;
		};
		F698C2E72E06FFAF000CA939 /* Release */ = {
			isa = XCBuildConfiguration;
			buildSettings = {
				ASSETCATALOG_COMPILER_APPICON_NAME = AppIcon;
				ASSETCATALOG_COMPILER_GLOBAL_ACCENT_COLOR_NAME = AccentColor;
				ASSETCATALOG_COMPILER_INCLUDE_ALL_APPICON_ASSETS = YES;
				CODE_SIGN_ENTITLEMENTS = TickerSqueak/TickerSqueak.entitlements;
				"CODE_SIGN_IDENTITY[sdk=macosx*]" = "-";
				CODE_SIGN_STYLE = Automatic;
				COMBINE_HIDPI_IMAGES = YES;
				CURRENT_PROJECT_VERSION = 1;
				DEVELOPMENT_TEAM = C7F8MT3522;
				ENABLE_HARDENED_RUNTIME = YES;
				ENABLE_PREVIEWS = YES;
				GENERATE_INFOPLIST_FILE = YES;
				INFOPLIST_KEY_CFBundleDisplayName = "Ticker Squeak";
				INFOPLIST_KEY_NSHumanReadableCopyright = "";
				LD_RUNPATH_SEARCH_PATHS = (
					"$(inherited)",
					"@executable_path/../Frameworks",
				);
				MARKETING_VERSION = 1.0;
				PRODUCT_BUNDLE_IDENTIFIER = io.shkalash.TickerSqueak;
				PRODUCT_NAME = "$(TARGET_NAME)";
				REGISTER_APP_GROUPS = YES;
				SWIFT_EMIT_LOC_STRINGS = YES;
				SWIFT_VERSION = 5.0;
			};
			name = Release;
		};
/* End XCBuildConfiguration section */

/* Begin XCConfigurationList section */
		F698C2D42E06FFAE000CA939 /* Build configuration list for PBXProject "TickerSqueak" */ = {
			isa = XCConfigurationList;
			buildConfigurations = (
				F698C2E32E06FFAF000CA939 /* Debug */,
				F698C2E42E06FFAF000CA939 /* Release */,
			);
			defaultConfigurationIsVisible = 0;
			defaultConfigurationName = Release;
		};
		F698C2E52E06FFAF000CA939 /* Build configuration list for PBXNativeTarget "TickerSqueak" */ = {
			isa = XCConfigurationList;
			buildConfigurations = (
				F698C2E62E06FFAF000CA939 /* Debug */,
				F698C2E72E06FFAF000CA939 /* Release */,
			);
			defaultConfigurationIsVisible = 0;
			defaultConfigurationName = Release;
		};
/* End XCConfigurationList section */

/* Begin XCRemoteSwiftPackageReference section */
		F698C2E82E0700F6000CA939 /* XCRemoteSwiftPackageReference "swifter" */ = {
			isa = XCRemoteSwiftPackageReference;
			repositoryURL = "https://github.com/httpswift/swifter.git";
			requirement = {
				kind = upToNextMajorVersion;
				minimumVersion = 1.5.0;
			};
		};
/* End XCRemoteSwiftPackageReference section */

/* Begin XCSwiftPackageProductDependency section */
		F698C2E92E0700F6000CA939 /* Swifter */ = {
			isa = XCSwiftPackageProductDependency;
			package = F698C2E82E0700F6000CA939 /* XCRemoteSwiftPackageReference "swifter" */;
			productName = Swifter;
		};
/* End XCSwiftPackageProductDependency section */
	};
	rootObject = F698C2D12E06FFAE000CA939 /* Project object */;
}
